
Microsoft Visual Studio Solution File, Format Version 12.00
Project("{FAE04EC0-301F-11D3-BF4B-00C04F79EFBC}") = "WcfService", "WcfService\WcfService.csproj", "{A3957AD2-FD96-49B6-8EDB-475BEB9C1267}"
EndProject
Project("{FAE04EC0-301F-11D3-BF4B-00C04F79EFBC}") = "WcfClient", "WcfClient\WcfClient.csproj", "{935D4104-E8BC-48FF-BAF6-F9FADF669594}"
EndProject
Global
	GlobalSection(SolutionConfigurationPlatforms) = preSolution
		Debug|Any CPU = Debug|Any CPU
		Release|Any CPU = Release|Any CPU
	EndGlobalSection
	GlobalSection(ProjectConfigurationPlatforms) = postSolution
		{A3957AD2-FD96-49B6-8EDB-475BEB9C1267}.Debug|Any CPU.ActiveCfg = Debug|Any CPU
		{A3957AD2-FD96-49B6-8EDB-475BEB9C1267}.Debug|Any CPU.Build.0 = Debug|Any CPU
		{A3957AD2-FD96-49B6-8EDB-475BEB9C1267}.Release|Any CPU.ActiveCfg = Release|Any CPU
		{A3957AD2-FD96-49B6-8EDB-475BEB9C1267}.Release|Any CPU.Build.0 = Release|Any CPU
		{935D4104-E8BC-48FF-BAF6-F9FADF669594}.Debug|Any CPU.ActiveCfg = Debug|Any CPU
		{935D4104-E8BC-48FF-BAF6-F9FADF669594}.Debug|Any CPU.Build.0 = Debug|Any CPU
		{935D4104-E8BC-48FF-BAF6-F9FADF669594}.Release|Any CPU.ActiveCfg = Release|Any CPU
		{935D4104-E8BC-48FF-BAF6-F9FADF669594}.Release|Any CPU.Build.0 = Release|Any CPU
	EndGlobalSection
EndGlobal
