
Microsoft Visual Studio Solution File, Format Version 12.00
Project("{FAE04EC0-301F-11D3-BF4B-00C04F79EFBC}") = "WcfService", "WcfService\WcfService.csproj", "{8600FD6C-2BB4-453E-885F-634FF601C57E}"
EndProject
Project("{FAE04EC0-301F-11D3-BF4B-00C04F79EFBC}") = "WcfClient", "WcfClient\WcfClient.csproj", "{A024781F-0A5A-4255-9F18-179F5182B126}"
EndProject
Global
	GlobalSection(SolutionConfigurationPlatforms) = preSolution
		Debug|Any CPU = Debug|Any CPU
		Release|Any CPU = Release|Any CPU
	EndGlobalSection
	GlobalSection(ProjectConfigurationPlatforms) = postSolution
		{8600FD6C-2BB4-453E-885F-634FF601C57E}.Debug|Any CPU.ActiveCfg = Debug|Any CPU
		{8600FD6C-2BB4-453E-885F-634FF601C57E}.Debug|Any CPU.Build.0 = Debug|Any CPU
		{8600FD6C-2BB4-453E-885F-634FF601C57E}.Release|Any CPU.ActiveCfg = Release|Any CPU
		{8600FD6C-2BB4-453E-885F-634FF601C57E}.Release|Any CPU.Build.0 = Release|Any CPU
		{A024781F-0A5A-4255-9F18-179F5182B126}.Debug|Any CPU.ActiveCfg = Debug|Any CPU
		{A024781F-0A5A-4255-9F18-179F5182B126}.Debug|Any CPU.Build.0 = Debug|Any CPU
		{A024781F-0A5A-4255-9F18-179F5182B126}.Release|Any CPU.ActiveCfg = Release|Any CPU
		{A024781F-0A5A-4255-9F18-179F5182B126}.Release|Any CPU.Build.0 = Release|Any CPU
	EndGlobalSection
EndGlobal
